
Microsoft Visual Studio Solution File, Format Version 12.00
# Visual Studio Version 16
VisualStudioVersion = 16.0.30309.148
MinimumVisualStudioVersion = 10.0.40219.1
Project("{9A19103F-16F7-4668-BE54-9A1E7A4F7556}") = "Prototype", "Prototype\Prototype.csproj", "{01C3D2D2-9D03-4BED-9860-C5909590729E}"
EndProject
Project("{9A19103F-16F7-4668-BE54-9A1E7A4F7556}") = "RetailPrototypeLibrary", "RetailPrototypeLibrary\RetailPrototypeLibrary.csproj", "{4AB64878-FCA4-430E-9FFF-5934F0F67690}"
EndProject
Project("{FAE04EC0-301F-11D3-BF4B-00C04F79EFBC}") = "RetailSoftware", "RetailSoftware\RetailSoftware.csproj", "{1C66CBC7-5A3D-4801-9831-8B7B0647FBA2}"
EndProject
Global
	GlobalSection(SolutionConfigurationPlatforms) = preSolution
		Debug|Any CPU = Debug|Any CPU
		Release|Any CPU = Release|Any CPU
	EndGlobalSection
	GlobalSection(ProjectConfigurationPlatforms) = postSolution
		{01C3D2D2-9D03-4BED-9860-C5909590729E}.Debug|Any CPU.ActiveCfg = Debug|Any CPU
		{01C3D2D2-9D03-4BED-9860-C5909590729E}.Debug|Any CPU.Build.0 = Debug|Any CPU
		{01C3D2D2-9D03-4BED-9860-C5909590729E}.Release|Any CPU.ActiveCfg = Release|Any CPU
		{01C3D2D2-9D03-4BED-9860-C5909590729E}.Release|Any CPU.Build.0 = Release|Any CPU
		{4AB64878-FCA4-430E-9FFF-5934F0F67690}.Debug|Any CPU.ActiveCfg = Debug|Any CPU
		{4AB64878-FCA4-430E-9FFF-5934F0F67690}.Debug|Any CPU.Build.0 = Debug|Any CPU
		{4AB64878-FCA4-430E-9FFF-5934F0F67690}.Release|Any CPU.ActiveCfg = Release|Any CPU
		{4AB64878-FCA4-430E-9FFF-5934F0F67690}.Release|Any CPU.Build.0 = Release|Any CPU
		{1C66CBC7-5A3D-4801-9831-8B7B0647FBA2}.Debug|Any CPU.ActiveCfg = Debug|Any CPU
		{1C66CBC7-5A3D-4801-9831-8B7B0647FBA2}.Debug|Any CPU.Build.0 = Debug|Any CPU
		{1C66CBC7-5A3D-4801-9831-8B7B0647FBA2}.Release|Any CPU.ActiveCfg = Release|Any CPU
		{1C66CBC7-5A3D-4801-9831-8B7B0647FBA2}.Release|Any CPU.Build.0 = Release|Any CPU
	EndGlobalSection
	GlobalSection(SolutionProperties) = preSolution
		HideSolutionNode = FALSE
	EndGlobalSection
	GlobalSection(ExtensibilityGlobals) = postSolution
		SolutionGuid = {9E09E184-5EA7-45F2-A165-B3FDCEEEE6FF}
	EndGlobalSection
EndGlobal
